Microsoft Visual Studio Solution File, Format Version 12.00
# Visual Studio Version 18
VisualStudioVersion = 18.0.0.0
MinimumVisualStudioVersion = 10.0.40219.1
Project("{FAE04EC0-301F-11D3-BF4B-00C04F79EFBC}") = "GhostFTP.Core", "src\GhostFTP.Core\GhostFTP.Core.csproj", "{0F787E55-03E0-4C90-A74F-FB00791A00E1}"
EndProject
Project("{FAE04EC0-301F-11D3-BF4B-00C04F79EFBC}") = "GhostFTP.Design", "src\GhostFTP.Design\GhostFTP.Design.csproj", "{C6EB5514-1E52-4F6F-A397-39819E614947}"
EndProject
Project("{FAE04EC0-301F-11D3-BF4B-00C04F79EFBC}") = "GhostFTP.App", "src\GhostFTP.App\GhostFTP.App.csproj", "{1C9B11A3-16C5-4E8F-91D1-53B493474E18}"
EndProject
Project("{FAE04EC0-301F-11D3-BF4B-00C04F79EFBC}") = "GhostFTP.Linux", "src\GhostFTP.Linux\GhostFTP.Linux.csproj", "{EC31F5B1-5DFA-4553-9E7E-9684D71922E7}"
EndProject
Project("{FAE04EC0-301F-11D3-BF4B-00C04F79EFBC}") = "GhostFTP.Setup", "src\GhostFTP.Setup\GhostFTP.Setup.csproj", "{99EC75E6-6C62-46B3-9D56-22CF5C4A50B0}"
EndProject
Project("{FAE04EC0-301F-11D3-BF4B-00C04F79EFBC}") = "GhostFTP.SelfTest", "tests\GhostFTP.SelfTest\GhostFTP.SelfTest.csproj", "{7E1C44E1-1BED-4D96-B50F-3BE5C0A64AE1}"
EndProject
Project("{FAE04EC0-301F-11D3-BF4B-00C04F79EFBC}") = "GhostFTP.UiSmoke", "tests\GhostFTP.UiSmoke\GhostFTP.UiSmoke.csproj", "{B5EAF0F2-C59A-4AA8-8E88-AF9B70F4D130}"
EndProject
Project("{FAE04EC0-301F-11D3-BF4B-00C04F79EFBC}") = "GhostFTP.QueueSelfTest", "tests\GhostFTP.QueueSelfTest\GhostFTP.QueueSelfTest.csproj", "{A6D3A873-7B40-4D61-967B-CF46BE84D082}"
EndProject
Project("{FAE04EC0-301F-11D3-BF4B-00C04F79EFBC}") = "GhostFTP.DemoSelfTest", "tests\GhostFTP.DemoSelfTest\GhostFTP.DemoSelfTest.csproj", "{D4F0B26C-5C85-4D13-91E7-327D7E63C3A1}"
EndProject
Project("{FAE04EC0-301F-11D3-BF4B-00C04F79EFBC}") = "GhostFTP.HardeningSelfTest", "tests\GhostFTP.HardeningSelfTest\GhostFTP.HardeningSelfTest.csproj", "{E1B7C6D5-2F9A-4AB5-9D88-5A1C8E7F3412}"
EndProject
Global
    GlobalSection(SolutionConfigurationPlatforms) = preSolution
        Debug|Any CPU = Debug|Any CPU
        Release|Any CPU = Release|Any CPU
    EndGlobalSection
    GlobalSection(ProjectConfigurationPlatforms) = postSolution
        {0F787E55-03E0-4C90-A74F-FB00791A00E1}.Debug|Any CPU.ActiveCfg = Debug|Any CPU
        {0F787E55-03E0-4C90-A74F-FB00791A00E1}.Debug|Any CPU.Build.0 = Debug|Any CPU
        {0F787E55-03E0-4C90-A74F-FB00791A00E1}.Release|Any CPU.ActiveCfg = Release|Any CPU
        {0F787E55-03E0-4C90-A74F-FB00791A00E1}.Release|Any CPU.Build.0 = Release|Any CPU
        {C6EB5514-1E52-4F6F-A397-39819E614947}.Debug|Any CPU.ActiveCfg = Debug|Any CPU
        {C6EB5514-1E52-4F6F-A397-39819E614947}.Debug|Any CPU.Build.0 = Debug|Any CPU
        {C6EB5514-1E52-4F6F-A397-39819E614947}.Release|Any CPU.ActiveCfg = Release|Any CPU
        {C6EB5514-1E52-4F6F-A397-39819E614947}.Release|Any CPU.Build.0 = Release|Any CPU
        {1C9B11A3-16C5-4E8F-91D1-53B493474E18}.Debug|Any CPU.ActiveCfg = Debug|Any CPU
        {1C9B11A3-16C5-4E8F-91D1-53B493474E18}.Debug|Any CPU.Build.0 = Debug|Any CPU
        {1C9B11A3-16C5-4E8F-91D1-53B493474E18}.Release|Any CPU.ActiveCfg = Release|Any CPU
        {1C9B11A3-16C5-4E8F-91D1-53B493474E18}.Release|Any CPU.Build.0 = Release|Any CPU
        {EC31F5B1-5DFA-4553-9E7E-9684D71922E7}.Debug|Any CPU.ActiveCfg = Debug|Any CPU
        {EC31F5B1-5DFA-4553-9E7E-9684D71922E7}.Debug|Any CPU.Build.0 = Debug|Any CPU
        {EC31F5B1-5DFA-4553-9E7E-9684D71922E7}.Release|Any CPU.ActiveCfg = Release|Any CPU
        {EC31F5B1-5DFA-4553-9E7E-9684D71922E7}.Release|Any CPU.Build.0 = Release|Any CPU
        {99EC75E6-6C62-46B3-9D56-22CF5C4A50B0}.Debug|Any CPU.ActiveCfg = Debug|Any CPU
        {99EC75E6-6C62-46B3-9D56-22CF5C4A50B0}.Debug|Any CPU.Build.0 = Debug|Any CPU
        {99EC75E6-6C62-46B3-9D56-22CF5C4A50B0}.Release|Any CPU.ActiveCfg = Release|Any CPU
        {99EC75E6-6C62-46B3-9D56-22CF5C4A50B0}.Release|Any CPU.Build.0 = Release|Any CPU
        {7E1C44E1-1BED-4D96-B50F-3BE5C0A64AE1}.Debug|Any CPU.ActiveCfg = Debug|Any CPU
        {7E1C44E1-1BED-4D96-B50F-3BE5C0A64AE1}.Debug|Any CPU.Build.0 = Debug|Any CPU
        {7E1C44E1-1BED-4D96-B50F-3BE5C0A64AE1}.Release|Any CPU.ActiveCfg = Release|Any CPU
        {7E1C44E1-1BED-4D96-B50F-3BE5C0A64AE1}.Release|Any CPU.Build.0 = Release|Any CPU
        {B5EAF0F2-C59A-4AA8-8E88-AF9B70F4D130}.Debug|Any CPU.ActiveCfg = Debug|Any CPU
        {B5EAF0F2-C59A-4AA8-8E88-AF9B70F4D130}.Debug|Any CPU.Build.0 = Debug|Any CPU
        {B5EAF0F2-C59A-4AA8-8E88-AF9B70F4D130}.Release|Any CPU.ActiveCfg = Release|Any CPU
        {B5EAF0F2-C59A-4AA8-8E88-AF9B70F4D130}.Release|Any CPU.Build.0 = Release|Any CPU
        {A6D3A873-7B40-4D61-967B-CF46BE84D082}.Debug|Any CPU.ActiveCfg = Debug|Any CPU
        {A6D3A873-7B40-4D61-967B-CF46BE84D082}.Debug|Any CPU.Build.0 = Debug|Any CPU
        {A6D3A873-7B40-4D61-967B-CF46BE84D082}.Release|Any CPU.ActiveCfg = Release|Any CPU
        {A6D3A873-7B40-4D61-967B-CF46BE84D082}.Release|Any CPU.Build.0 = Release|Any CPU
        {D4F0B26C-5C85-4D13-91E7-327D7E63C3A1}.Debug|Any CPU.ActiveCfg = Debug|Any CPU
        {D4F0B26C-5C85-4D13-91E7-327D7E63C3A1}.Debug|Any CPU.Build.0 = Debug|Any CPU
        {D4F0B26C-5C85-4D13-91E7-327D7E63C3A1}.Release|Any CPU.ActiveCfg = Release|Any CPU
        {D4F0B26C-5C85-4D13-91E7-327D7E63C3A1}.Release|Any CPU.Build.0 = Release|Any CPU
        {E1B7C6D5-2F9A-4AB5-9D88-5A1C8E7F3412}.Debug|Any CPU.ActiveCfg = Debug|Any CPU
        {E1B7C6D5-2F9A-4AB5-9D88-5A1C8E7F3412}.Debug|Any CPU.Build.0 = Debug|Any CPU
        {E1B7C6D5-2F9A-4AB5-9D88-5A1C8E7F3412}.Release|Any CPU.ActiveCfg = Release|Any CPU
        {E1B7C6D5-2F9A-4AB5-9D88-5A1C8E7F3412}.Release|Any CPU.Build.0 = Release|Any CPU
    EndGlobalSection
EndGlobal
